
Microsoft Visual Studio Solution File, Format Version 12.00
# Visual Studio Version 17
VisualStudioVersion = 17.4.33122.133
MinimumVisualStudioVersion = 10.0.40219.1
Project("{FAE04EC0-301F-11D3-BF4B-00C04F79EFBC}") = "Practica 1", "Practica 1\Practica 1.csproj", "{A15BA304-894F-45BE-87C6-F981D6F358AD}"
EndProject
Global
	GlobalSection(SolutionConfigurationPlatforms) = preSolution
		Debug|Any CPU = Debug|Any CPU
		Release|Any CPU = Release|Any CPU
	EndGlobalSection
	GlobalSection(ProjectConfigurationPlatforms) = postSolution
		{A15BA304-894F-45BE-87C6-F981D6F358AD}.Debug|Any CPU.ActiveCfg = Debug|Any CPU
		{A15BA304-894F-45BE-87C6-F981D6F358AD}.Debug|Any CPU.Build.0 = Debug|Any CPU
		{A15BA304-894F-45BE-87C6-F981D6F358AD}.Release|Any CPU.ActiveCfg = Release|Any CPU
		{A15BA304-894F-45BE-87C6-F981D6F358AD}.Release|Any CPU.Build.0 = Release|Any CPU
	EndGlobalSection
	GlobalSection(SolutionProperties) = preSolution
		HideSolutionNode = FALSE
	EndGlobalSection
	GlobalSection(ExtensibilityGlobals) = postSolution
		SolutionGuid = {F615A97B-DCD4-4DE2-86F8-A410F5FBE8C1}
	EndGlobalSection
EndGlobal
