
Microsoft Visual Studio Solution File, Format Version 12.00
# Visual Studio Version 17
VisualStudioVersion = 17.4.33122.133
MinimumVisualStudioVersion = 10.0.40219.1
Project("{FAE04EC0-301F-11D3-BF4B-00C04F79EFBC}") = "Prueba 2", "Prueba 2\Prueba 2.csproj", "{FE6546FF-AFEF-43D0-84ED-09B25BFBE8BA}"
EndProject
Global
	GlobalSection(SolutionConfigurationPlatforms) = preSolution
		Debug|Any CPU = Debug|Any CPU
		Release|Any CPU = Release|Any CPU
	EndGlobalSection
	GlobalSection(ProjectConfigurationPlatforms) = postSolution
		{FE6546FF-AFEF-43D0-84ED-09B25BFBE8BA}.Debug|Any CPU.ActiveCfg = Debug|Any CPU
		{FE6546FF-AFEF-43D0-84ED-09B25BFBE8BA}.Debug|Any CPU.Build.0 = Debug|Any CPU
		{FE6546FF-AFEF-43D0-84ED-09B25BFBE8BA}.Release|Any CPU.ActiveCfg = Release|Any CPU
		{FE6546FF-AFEF-43D0-84ED-09B25BFBE8BA}.Release|Any CPU.Build.0 = Release|Any CPU
	EndGlobalSection
	GlobalSection(SolutionProperties) = preSolution
		HideSolutionNode = FALSE
	EndGlobalSection
	GlobalSection(ExtensibilityGlobals) = postSolution
		SolutionGuid = {F8D80E35-7FDE-4179-9E1F-B49CE2D8BC83}
	EndGlobalSection
EndGlobal
